
Microsoft Visual Studio Solution File, Format Version 12.00
# Visual Studio Version 17
VisualStudioVersion = 17.0.31903.59
MinimumVisualStudioVersion = 10.0.40219.1
Project("{2150E333-8FDC-42A3-9474-1A3956D46DE8}") = "src", "src", "{827E0CD3-B72D-47B6-A68D-7590B98EB39B}"
EndProject
Project("{FAE04EC0-301F-11D3-BF4B-00C04F79EFBC}") = "Apointo.Domain", "src\Apointo.Domain\Apointo.Domain.csproj", "{3CEFC637-4D4E-4C87-A838-B3F8C5128CC3}"
EndProject
Project("{FAE04EC0-301F-11D3-BF4B-00C04F79EFBC}") = "Apointo.Application", "src\Apointo.Application\Apointo.Application.csproj", "{B760345B-6E6E-4588-AB3C-1DA45283E413}"
EndProject
Project("{FAE04EC0-301F-11D3-BF4B-00C04F79EFBC}") = "Apointo.Infrastructure", "src\Apointo.Infrastructure\Apointo.Infrastructure.csproj", "{1490C254-8BD2-413E-B702-FB0C0B9AA54D}"
EndProject
Project("{FAE04EC0-301F-11D3-BF4B-00C04F79EFBC}") = "Apointo.Api", "src\Apointo.Api\Apointo.Api.csproj", "{C6EB0215-2B76-4704-8656-357FA899673C}"
EndProject
Global
	GlobalSection(SolutionConfigurationPlatforms) = preSolution
		Debug|Any CPU = Debug|Any CPU
		Debug|x64 = Debug|x64
		Debug|x86 = Debug|x86
		Release|Any CPU = Release|Any CPU
		Release|x64 = Release|x64
		Release|x86 = Release|x86
	EndGlobalSection
	GlobalSection(ProjectConfigurationPlatforms) = postSolution
		{3CEFC637-4D4E-4C87-A838-B3F8C5128CC3}.Debug|Any CPU.ActiveCfg = Debug|Any CPU
		{3CEFC637-4D4E-4C87-A838-B3F8C5128CC3}.Debug|Any CPU.Build.0 = Debug|Any CPU
		{3CEFC637-4D4E-4C87-A838-B3F8C5128CC3}.Debug|x64.ActiveCfg = Debug|Any CPU
		{3CEFC637-4D4E-4C87-A838-B3F8C5128CC3}.Debug|x64.Build.0 = Debug|Any CPU
		{3CEFC637-4D4E-4C87-A838-B3F8C5128CC3}.Debug|x86.ActiveCfg = Debug|Any CPU
		{3CEFC637-4D4E-4C87-A838-B3F8C5128CC3}.Debug|x86.Build.0 = Debug|Any CPU
		{3CEFC637-4D4E-4C87-A838-B3F8C5128CC3}.Release|Any CPU.ActiveCfg = Release|Any CPU
		{3CEFC637-4D4E-4C87-A838-B3F8C5128CC3}.Release|Any CPU.Build.0 = Release|Any CPU
		{3CEFC637-4D4E-4C87-A838-B3F8C5128CC3}.Release|x64.ActiveCfg = Release|Any CPU
		{3CEFC637-4D4E-4C87-A838-B3F8C5128CC3}.Release|x64.Build.0 = Release|Any CPU
		{3CEFC637-4D4E-4C87-A838-B3F8C5128CC3}.Release|x86.ActiveCfg = Release|Any CPU
		{3CEFC637-4D4E-4C87-A838-B3F8C5128CC3}.Release|x86.Build.0 = Release|Any CPU
		{B760345B-6E6E-4588-AB3C-1DA45283E413}.Debug|Any CPU.ActiveCfg = Debug|Any CPU
		{B760345B-6E6E-4588-AB3C-1DA45283E413}.Debug|Any CPU.Build.0 = Debug|Any CPU
		{B760345B-6E6E-4588-AB3C-1DA45283E413}.Debug|x64.ActiveCfg = Debug|Any CPU
		{B760345B-6E6E-4588-AB3C-1DA45283E413}.Debug|x64.Build.0 = Debug|Any CPU
		{B760345B-6E6E-4588-AB3C-1DA45283E413}.Debug|x86.ActiveCfg = Debug|Any CPU
		{B760345B-6E6E-4588-AB3C-1DA45283E413}.Debug|x86.Build.0 = Debug|Any CPU
		{B760345B-6E6E-4588-AB3C-1DA45283E413}.Release|Any CPU.ActiveCfg = Release|Any CPU
		{B760345B-6E6E-4588-AB3C-1DA45283E413}.Release|Any CPU.Build.0 = Release|Any CPU
		{B760345B-6E6E-4588-AB3C-1DA45283E413}.Release|x64.ActiveCfg = Release|Any CPU
		{B760345B-6E6E-4588-AB3C-1DA45283E413}.Release|x64.Build.0 = Release|Any CPU
		{B760345B-6E6E-4588-AB3C-1DA45283E413}.Release|x86.ActiveCfg = Release|Any CPU
		{B760345B-6E6E-4588-AB3C-1DA45283E413}.Release|x86.Build.0 = Release|Any CPU
		{1490C254-8BD2-413E-B702-FB0C0B9AA54D}.Debug|Any CPU.ActiveCfg = Debug|Any CPU
		{1490C254-8BD2-413E-B702-FB0C0B9AA54D}.Debug|Any CPU.Build.0 = Debug|Any CPU
		{1490C254-8BD2-413E-B702-FB0C0B9AA54D}.Debug|x64.ActiveCfg = Debug|Any CPU
		{1490C254-8BD2-413E-B702-FB0C0B9AA54D}.Debug|x64.Build.0 = Debug|Any CPU
		{1490C254-8BD2-413E-B702-FB0C0B9AA54D}.Debug|x86.ActiveCfg = Debug|Any CPU
		{1490C254-8BD2-413E-B702-FB0C0B9AA54D}.Debug|x86.Build.0 = Debug|Any CPU
		{1490C254-8BD2-413E-B702-FB0C0B9AA54D}.Release|Any CPU.ActiveCfg = Release|Any CPU
		{1490C254-8BD2-413E-B702-FB0C0B9AA54D}.Release|Any CPU.Build.0 = Release|Any CPU
		{1490C254-8BD2-413E-B702-FB0C0B9AA54D}.Release|x64.ActiveCfg = Release|Any CPU
		{1490C254-8BD2-413E-B702-FB0C0B9AA54D}.Release|x64.Build.0 = Release|Any CPU
		{1490C254-8BD2-413E-B702-FB0C0B9AA54D}.Release|x86.ActiveCfg = Release|Any CPU
		{1490C254-8BD2-413E-B702-FB0C0B9AA54D}.Release|x86.Build.0 = Release|Any CPU
		{C6EB0215-2B76-4704-8656-357FA899673C}.Debug|Any CPU.ActiveCfg = Debug|Any CPU
		{C6EB0215-2B76-4704-8656-357FA899673C}.Debug|Any CPU.Build.0 = Debug|Any CPU
		{C6EB0215-2B76-4704-8656-357FA899673C}.Debug|x64.ActiveCfg = Debug|Any CPU
		{C6EB0215-2B76-4704-8656-357FA899673C}.Debug|x64.Build.0 = Debug|Any CPU
		{C6EB0215-2B76-4704-8656-357FA899673C}.Debug|x86.ActiveCfg = Debug|Any CPU
		{C6EB0215-2B76-4704-8656-357FA899673C}.Debug|x86.Build.0 = Debug|Any CPU
		{C6EB0215-2B76-4704-8656-357FA899673C}.Release|Any CPU.ActiveCfg = Release|Any CPU
		{C6EB0215-2B76-4704-8656-357FA899673C}.Release|Any CPU.Build.0 = Release|Any CPU
		{C6EB0215-2B76-4704-8656-357FA899673C}.Release|x64.ActiveCfg = Release|Any CPU
		{C6EB0215-2B76-4704-8656-357FA899673C}.Release|x64.Build.0 = Release|Any CPU
		{C6EB0215-2B76-4704-8656-357FA899673C}.Release|x86.ActiveCfg = Release|Any CPU
		{C6EB0215-2B76-4704-8656-357FA899673C}.Release|x86.Build.0 = Release|Any CPU
	EndGlobalSection
	GlobalSection(SolutionProperties) = preSolution
		HideSolutionNode = FALSE
	EndGlobalSection
	GlobalSection(NestedProjects) = preSolution
		{3CEFC637-4D4E-4C87-A838-B3F8C5128CC3} = {827E0CD3-B72D-47B6-A68D-7590B98EB39B}
		{B760345B-6E6E-4588-AB3C-1DA45283E413} = {827E0CD3-B72D-47B6-A68D-7590B98EB39B}
		{1490C254-8BD2-413E-B702-FB0C0B9AA54D} = {827E0CD3-B72D-47B6-A68D-7590B98EB39B}
		{C6EB0215-2B76-4704-8656-357FA899673C} = {827E0CD3-B72D-47B6-A68D-7590B98EB39B}
	EndGlobalSection
EndGlobal
